
Microsoft Visual Studio Solution File, Format Version 12.00
# Visual Studio Version 16
VisualStudioVersion = 16.0.29709.97
MinimumVisualStudioVersion = 10.0.40219.1
Project("{FAE04EC0-301F-11D3-BF4B-00C04F79EFBC}") = "WSR_Tort", "WSR_Tort\WSR_Tort.csproj", "{03C56ACC-DFBB-4EC0-9D71-D83D6A6E8394}"
EndProject
Global
	GlobalSection(SolutionConfigurationPlatforms) = preSolution
		Debug|Any CPU = Debug|Any CPU
		Release|Any CPU = Release|Any CPU
	EndGlobalSection
	GlobalSection(ProjectConfigurationPlatforms) = postSolution
		{03C56ACC-DFBB-4EC0-9D71-D83D6A6E8394}.Debug|Any CPU.ActiveCfg = Debug|Any CPU
		{03C56ACC-DFBB-4EC0-9D71-D83D6A6E8394}.Debug|Any CPU.Build.0 = Debug|Any CPU
		{03C56ACC-DFBB-4EC0-9D71-D83D6A6E8394}.Release|Any CPU.ActiveCfg = Release|Any CPU
		{03C56ACC-DFBB-4EC0-9D71-D83D6A6E8394}.Release|Any CPU.Build.0 = Release|Any CPU
	EndGlobalSection
	GlobalSection(SolutionProperties) = preSolution
		HideSolutionNode = FALSE
	EndGlobalSection
	GlobalSection(ExtensibilityGlobals) = postSolution
		SolutionGuid = {8D3D9E11-E652-408E-889F-714B1BD80D85}
	EndGlobalSection
EndGlobal
